
Microsoft Visual Studio Solution File, Format Version 12.00
# Visual Studio Version 16
VisualStudioVersion = 16.0.30225.117
MinimumVisualStudioVersion = 10.0.40219.1
Project("{FAE04EC0-301F-11D3-BF4B-00C04F79EFBC}") = "GenericAutoUpdater", "GenericAutoUpdater\GenericAutoUpdater.csproj", "{A3DDA186-AFDF-4DCC-B304-34C04544EE18}"
EndProject
Global
	GlobalSection(SolutionConfigurationPlatforms) = preSolution
		Debug|Any CPU = Debug|Any CPU
		Release|Any CPU = Release|Any CPU
	EndGlobalSection
	GlobalSection(ProjectConfigurationPlatforms) = postSolution
		{A3DDA186-AFDF-4DCC-B304-34C04544EE18}.Debug|Any CPU.ActiveCfg = Debug|Any CPU
		{A3DDA186-AFDF-4DCC-B304-34C04544EE18}.Debug|Any CPU.Build.0 = Debug|Any CPU
		{A3DDA186-AFDF-4DCC-B304-34C04544EE18}.Release|Any CPU.ActiveCfg = Release|Any CPU
		{A3DDA186-AFDF-4DCC-B304-34C04544EE18}.Release|Any CPU.Build.0 = Release|Any CPU
	EndGlobalSection
	GlobalSection(SolutionProperties) = preSolution
		HideSolutionNode = FALSE
	EndGlobalSection
	GlobalSection(ExtensibilityGlobals) = postSolution
		SolutionGuid = {B7082A1C-255B-4C9E-82E8-998CC4932388}
	EndGlobalSection
EndGlobal
